
Microsoft Visual Studio Solution File, Format Version 12.00
# Visual Studio Version 16
VisualStudioVersion = 16.0.29905.134
MinimumVisualStudioVersion = 10.0.40219.1
Project("{FAE04EC0-301F-11D3-BF4B-00C04F79EFBC}") = "LambdaExpressions", "LambdaExpressions\LambdaExpressions.csproj", "{26436D12-8178-4584-985C-5E04A604418D}"
EndProject
Global
	GlobalSection(SolutionConfigurationPlatforms) = preSolution
		Debug|Any CPU = Debug|Any CPU
		Release|Any CPU = Release|Any CPU
	EndGlobalSection
	GlobalSection(ProjectConfigurationPlatforms) = postSolution
		{26436D12-8178-4584-985C-5E04A604418D}.Debug|Any CPU.ActiveCfg = Debug|Any CPU
		{26436D12-8178-4584-985C-5E04A604418D}.Debug|Any CPU.Build.0 = Debug|Any CPU
		{26436D12-8178-4584-985C-5E04A604418D}.Release|Any CPU.ActiveCfg = Release|Any CPU
		{26436D12-8178-4584-985C-5E04A604418D}.Release|Any CPU.Build.0 = Release|Any CPU
	EndGlobalSection
	GlobalSection(SolutionProperties) = preSolution
		HideSolutionNode = FALSE
	EndGlobalSection
	GlobalSection(ExtensibilityGlobals) = postSolution
		SolutionGuid = {B4773272-EFED-4AF3-B93C-633A55045CE0}
	EndGlobalSection
EndGlobal
